
Microsoft Visual Studio Solution File, Format Version 12.00
Project("{FAE04EC0-301F-11D3-BF4B-00C04F79EFBC}") = "CustomerService", "CustomerService\CustomerService.csproj", "{CD1439D3-9137-479F-8479-4262FC5701F0}"
EndProject
Project("{FAE04EC0-301F-11D3-BF4B-00C04F79EFBC}") = "OrderService", "OrderService\OrderService.csproj", "{1A43F9B4-F166-48DF-A261-9F24E5F50A80}"
EndProject
Project("{FAE04EC0-301F-11D3-BF4B-00C04F79EFBC}") = "RabbitMq.Core", "RabbitMq.Core\RabbitMq.Core.csproj", "{AC11D792-F303-4CDD-8637-FED3FB184B6C}"
EndProject
Project("{FAE04EC0-301F-11D3-BF4B-00C04F79EFBC}") = "ApiGateway", "ApiGateway\ApiGateway.csproj", "{0302A59B-E636-4B3D-9D4F-61C9E3219830}"
EndProject
Global
	GlobalSection(SolutionConfigurationPlatforms) = preSolution
		Debug|Any CPU = Debug|Any CPU
		Release|Any CPU = Release|Any CPU
	EndGlobalSection
	GlobalSection(ProjectConfigurationPlatforms) = postSolution
		{CD1439D3-9137-479F-8479-4262FC5701F0}.Debug|Any CPU.ActiveCfg = Debug|Any CPU
		{CD1439D3-9137-479F-8479-4262FC5701F0}.Debug|Any CPU.Build.0 = Debug|Any CPU
		{CD1439D3-9137-479F-8479-4262FC5701F0}.Release|Any CPU.ActiveCfg = Release|Any CPU
		{CD1439D3-9137-479F-8479-4262FC5701F0}.Release|Any CPU.Build.0 = Release|Any CPU
		{1A43F9B4-F166-48DF-A261-9F24E5F50A80}.Debug|Any CPU.ActiveCfg = Debug|Any CPU
		{1A43F9B4-F166-48DF-A261-9F24E5F50A80}.Debug|Any CPU.Build.0 = Debug|Any CPU
		{1A43F9B4-F166-48DF-A261-9F24E5F50A80}.Release|Any CPU.ActiveCfg = Release|Any CPU
		{1A43F9B4-F166-48DF-A261-9F24E5F50A80}.Release|Any CPU.Build.0 = Release|Any CPU
		{AC11D792-F303-4CDD-8637-FED3FB184B6C}.Debug|Any CPU.ActiveCfg = Debug|Any CPU
		{AC11D792-F303-4CDD-8637-FED3FB184B6C}.Debug|Any CPU.Build.0 = Debug|Any CPU
		{AC11D792-F303-4CDD-8637-FED3FB184B6C}.Release|Any CPU.ActiveCfg = Release|Any CPU
		{AC11D792-F303-4CDD-8637-FED3FB184B6C}.Release|Any CPU.Build.0 = Release|Any CPU
		{0302A59B-E636-4B3D-9D4F-61C9E3219830}.Debug|Any CPU.ActiveCfg = Debug|Any CPU
		{0302A59B-E636-4B3D-9D4F-61C9E3219830}.Debug|Any CPU.Build.0 = Debug|Any CPU
		{0302A59B-E636-4B3D-9D4F-61C9E3219830}.Release|Any CPU.ActiveCfg = Release|Any CPU
		{0302A59B-E636-4B3D-9D4F-61C9E3219830}.Release|Any CPU.Build.0 = Release|Any CPU
	EndGlobalSection
EndGlobal
